
Microsoft Visual Studio Solution File, Format Version 12.00
# Visual Studio Version 17
VisualStudioVersion = 17.0.32014.148
MinimumVisualStudioVersion = 10.0.40219.1
Project("{FAE04EC0-301F-11D3-BF4B-00C04F79EFBC}") = "LinearAlgebraTask1", "LinearAlgebra\LinearAlgebraTask1.csproj", "{CEC939FF-6820-4135-BEF9-A59E0F0269B6}"
EndProject
Global
	GlobalSection(SolutionConfigurationPlatforms) = preSolution
		Debug|Any CPU = Debug|Any CPU
		Release|Any CPU = Release|Any CPU
	EndGlobalSection
	GlobalSection(ProjectConfigurationPlatforms) = postSolution
		{CEC939FF-6820-4135-BEF9-A59E0F0269B6}.Debug|Any CPU.ActiveCfg = Debug|Any CPU
		{CEC939FF-6820-4135-BEF9-A59E0F0269B6}.Debug|Any CPU.Build.0 = Debug|Any CPU
		{CEC939FF-6820-4135-BEF9-A59E0F0269B6}.Release|Any CPU.ActiveCfg = Release|Any CPU
		{CEC939FF-6820-4135-BEF9-A59E0F0269B6}.Release|Any CPU.Build.0 = Release|Any CPU
	EndGlobalSection
	GlobalSection(SolutionProperties) = preSolution
		HideSolutionNode = FALSE
	EndGlobalSection
	GlobalSection(ExtensibilityGlobals) = postSolution
		SolutionGuid = {A0132674-BE61-4A1F-9DC3-634B5876A43E}
	EndGlobalSection
EndGlobal
